// !$*UTF8*$!
{
	archiveVersion = 1;
	classes = {
	};
	objectVersion = 46;
	objects = {

/* Begin PBXBuildFile section */
		C2C366D31BAFE54C005F61D0 /* main.m in Sources */ = {isa = PBXBuildFile; fileRef = C2C366D21BAFE54C005F61D0 /* main.m */; };
		C2C366D61BAFE54C005F61D0 /* AppDelegate.m in Sources */ = {isa = PBXBuildFile; fileRef = C2C366D51BAFE54C005F61D0 /* AppDelegate.m */; };
		C2C366D91BAFE54C005F61D0 /* ViewController.m in Sources */ = {isa = PBXBuildFile; fileRef = C2C366D81BAFE54C005F61D0 /* ViewController.m */; };
		C2C366DC1BAFE54C005F61D0 /* Main.storyboard in Resources */ = {isa = PBXBuildFile; fileRef = C2C366DA1BAFE54C005F61D0 /* Main.storyboard */; };
		C2C366DE1BAFE54C005F61D0 /* Images.xcassets in Resources */ = {isa = PBXBuildFile; fileRef = C2C366DD1BAFE54C005F61D0 /* Images.xcassets */; };
		C2C366E11BAFE54C005F61D0 /* LaunchScreen.xib in Resources */ = {isa = PBXBuildFile; fileRef = C2C366DF1BAFE54C005F61D0 /* LaunchScreen.xib */; };
		C2C366ED1BAFE54C005F61D0 /* githubdemoTests.m in Sources */ = {isa = PBXBuildFile; fileRef = C2C366EC1BAFE54C005F61D0 /* githubdemoTests.m */; };
/* End PBXBuildFile section */

/* Begin PBXContainerItemProxy section */
		C2C366E71BAFE54C005F61D0 /* PBXContainerItemProxy */ = {
			isa = PBXContainerItemProxy;
			containerPortal = C2C366C51BAFE54C005F61D0 /* Project object */;
			proxyType = 1;
			remoteGlobalIDString = C2C366CC1BAFE54C005F61D0;
			remoteInfo = githubdemo;
		};
/* End PBXContainerItemProxy section */

/* Begin PBXFileReference section */
		C2C366CD1BAFE54C005F61D0 /* githubdemo.app */ = {isa = PBXFileReference; explicitFileType = wrapper.application; includeInIndex = 0; path = githubdemo.app; sourceTree = BUILT_PRODUCTS_DIR; };
		C2C366D11BAFE54C005F61D0 /* Info.plist */ = {isa = PBXFileReference; lastKnownFileType = text.plist.xml; path = Info.plist; sourceTree = "<group>"; };
		C2C366D21BAFE54C005F61D0 /* main.m */ = {isa = PBXFileReference; lastKnownFileType = sourcecode.c.objc; path = main.m; sourceTree = "<group>"; };
		C2C366D41BAFE54C005F61D0 /* AppDelegate.h */ = {isa = PBXFileReference; lastKnownFileType = sourcecode.c.h; path = AppDelegate.h; sourceTree = "<group>"; };
		C2C366D51BAFE54C005F61D0 /* AppDelegate.m */ = {isa = PBXFileReference; lastKnownFileType = sourcecode.c.objc; path = AppDelegate.m; sourceTree = "<group>"; };
		C2C366D71BAFE54C005F61D0 /* ViewController.h */ = {isa = PBXFileReference; lastKnownFileType = sourcecode.c.h; path = ViewController.h; sourceTree = "<group>"; };
		C2C366D81BAFE54C005F61D0 /* ViewController.m */ = {isa = PBXFileReference; lastKnownFileType = sourcecode.c.objc; path = ViewController.m; sourceTree = "<group>"; };
		C2C366DB1BAFE54C005F61D0 /* Base */ = {isa = PBXFileReference; lastKnownFileType = file.storyboard; name = Base; path = Base.lproj/Main.storyboard; sourceTree = "<group>"; };
		C2C366DD1BAFE54C005F61D0 /* Images.xcassets */ = {isa = PBXFileReference; lastKnownFileType = folder.assetcatalog; path = Images.xcassets; sourceTree = "<group>"; };
		C2C366E01BAFE54C005F61D0 /* Base */ = {isa = PBXFileReference; lastKnownFileType = file.xib; name = Base; path = Base.lproj/LaunchScreen.xib; sourceTree = "<group>"; };
		C2C366E61BAFE54C005F61D0 /* githubdemoTests.xctest */ = {isa = PBXFileReference; explicitFileType = wrapper.cfbundle; includeInIndex = 0; path = githubdemoTests.xctest; sourceTree = BUILT_PRODUCTS_DIR; };
		C2C366EB1BAFE54C005F61D0 /* Info.plist */ = {isa = PBXFileReference; lastKnownFileType = text.plist.xml; path = Info.plist; sourceTree = "<group>"; };
		C2C366EC1BAFE54C005F61D0 /* githubdemoTests.m */ = {isa = PBXFileReference; lastKnownFileType = sourcecode.c.objc; path = githubdemoTests.m; sourceTree = "<group>"; };
/* End PBXFileReference section */

/* Begin PBXFrameworksBuildPhase section */
		C2C366CA1BAFE54C005F61D0 /* Frameworks */ = {
			isa = PBXFrameworksBuildPhase;
			buildActionMask = 2147483647;
			files = (
			);
			runOnlyForDeploymentPostprocessing = 0;
		};
		C2C366E31BAFE54C005F61D0 /* Frameworks */ = {
			isa = PBXFrameworksBuildPhase;
			buildActionMask = 2147483647;
			files = (
			);
			runOnlyForDeploymentPostprocessing = 0;
		};
/* End PBXFrameworksBuildPhase section */

/* Begin PBXGroup section */
		C2C366C41BAFE54C005F61D0 = {
			isa = PBXGroup;
			children = (
				C2C366CF1BAFE54C005F61D0 /* githubdemo */,
				C2C366E91BAFE54C005F61D0 /* githubdemoTests */,
				C2C366CE1BAFE54C005F61D0 /* Products */,
			);
			sourceTree = "<group>";
		};
		C2C366CE1BAFE54C005F61D0 /* Products */ = {
			isa = PBXGroup;
			children = (
				C2C366CD1BAFE54C005F61D0 /* githubdemo.app */,
				C2C366E61BAFE54C005F61D0 /* githubdemoTests.xctest */,
			);
			name = Products;
			sourceTree = "<group>";
		};
		C2C366CF1BAFE54C005F61D0 /* githubdemo */ = {
			isa = PBXGroup;
			children = (
				C2C366D41BAFE54C005F61D0 /* AppDelegate.h */,
				C2C366D51BAFE54C005F61D0 /* AppDelegate.m */,
				C2C366D71BAFE54C005F61D0 /* ViewController.h */,
				C2C366D81BAFE54C005F61D0 /* ViewController.m */,
				C2C366DA1BAFE54C005F61D0 /* Main.storyboard */,
				C2C366DD1BAFE54C005F61D0 /* Images.xcassets */,
				C2C366DF1BAFE54C005F61D0 /* LaunchScreen.xib */,
				C2C366D01BAFE54C005F61D0 /* Supporting Files */,
			);
			path = githubdemo;
			sourceTree = "<group>";
		};
		C2C366D01BAFE54C005F61D0 /* Supporting Files */ = {
			isa = PBXGroup;
			children = (
				C2C366D11BAFE54C005F61D0 /* Info.plist */,
				C2C366D21BAFE54C005F61D0 /* main.m */,
			);
			name = "Supporting Files";
			sourceTree = "<group>";
		};
		C2C366E91BAFE54C005F61D0 /* githubdemoTests */ = {
			isa = PBXGroup;
			children = (
				C2C366EC1BAFE54C005F61D0 /* githubdemoTests.m */,
				C2C366EA1BAFE54C005F61D0 /* Supporting Files */,
			);
			path = githubdemoTests;
			sourceTree = "<group>";
		};
		C2C366EA1BAFE54C005F61D0 /* Supporting Files */ = {
			isa = PBXGroup;
			children = (
				C2C366EB1BAFE54C005F61D0 /* Info.plist */,
			);
			name = "Supporting Files";
			sourceTree = "<group>";
		};
/* End PBXGroup section */

/* Begin PBXNativeTarget section */
		C2C366CC1BAFE54C005F61D0 /* githubdemo */ = {
			isa = PBXNativeTarget;
			buildConfigurationList = C2C366F01BAFE54C005F61D0 /* Build configuration list for PBXNativeTarget "githubdemo" */;
			buildPhases = (
				C2C366C91BAFE54C005F61D0 /* Sources */,
				C2C366CA1BAFE54C005F61D0 /* Frameworks */,
				C2C366CB1BAFE54C005F61D0 /* Resources */,
			);
			buildRules = (
			);
			dependencies = (
			);
			name = githubdemo;
			productName = githubdemo;
			productReference = C2C366CD1BAFE54C005F61D0 /* githubdemo.app */;
			productType = "com.apple.product-type.application";
		};
		C2C366E51BAFE54C005F61D0 /* githubdemoTests */ = {
			isa = PBXNativeTarget;
			buildConfigurationList = C2C366F31BAFE54C005F61D0 /* Build configuration list for PBXNativeTarget "githubdemoTests" */;
			buildPhases = (
				C2C366E21BAFE54C005F61D0 /* Sources */,
				C2C366E31BAFE54C005F61D0 /* Frameworks */,
				C2C366E41BAFE54C005F61D0 /* Resources */,
			);
			buildRules = (
			);
			dependencies = (
				C2C366E81BAFE54C005F61D0 /* PBXTargetDependency */,
			);
			name = githubdemoTests;
			productName = githubdemoTests;
			productReference = C2C366E61BAFE54C005F61D0 /* githubdemoTests.xctest */;
			productType = "com.apple.product-type.bundle.unit-test";
		};
/* End PBXNativeTarget section */

/* Begin PBXProject section */
		C2C366C51BAFE54C005F61D0 /* Project object */ = {
			isa = PBXProject;
			attributes = {
				LastUpgradeCheck = 0640;
				ORGANIZATIONNAME = hushouqi;
				TargetAttributes = {
					C2C366CC1BAFE54C005F61D0 = {
						CreatedOnToolsVersion = 6.4;
					};
					C2C366E51BAFE54C005F61D0 = {
						CreatedOnToolsVersion = 6.4;
						TestTargetID = C2C366CC1BAFE54C005F61D0;
					};
				};
			};
			buildConfigurationList = C2C366C81BAFE54C005F61D0 /* Build configuration list for PBXProject "githubdemo" */;
			compatibilityVersion = "Xcode 3.2";
			developmentRegion = English;
			hasScannedForEncodings = 0;
			knownRegions = (
				en,
				Base,
			);
			mainGroup = C2C366C41BAFE54C005F61D0;
			productRefGroup = C2C366CE1BAFE54C005F61D0 /* Products */;
			projectDirPath = "";
			projectRoot = "";
			targets = (
				C2C366CC1BAFE54C005F61D0 /* githubdemo */,
				C2C366E51BAFE54C005F61D0 /* githubdemoTests */,
			);
		};
/* End PBXProject section */

/* Begin PBXResourcesBuildPhase section */
		C2C366CB1BAFE54C005F61D0 /* Resources */ = {
			isa = PBXResourcesBuildPhase;
			buildActionMask = 2147483647;
			files = (
				C2C366DC1BAFE54C005F61D0 /* Main.storyboard in Resources */,
				C2C366E11BAFE54C005F61D0 /* LaunchScreen.xib in Resources */,
				C2C366DE1BAFE54C005F61D0 /* Images.xcassets in Resources */,
			);
			runOnlyForDeploymentPostprocessing = 0;
		};
		C2C366E41BAFE54C005F61D0 /* Resources */ = {
			isa = PBXResourcesBuildPhase;
			buildActionMask = 2147483647;
			files = (
			);
			runOnlyForDeploymentPostprocessing = 0;
		};
/* End PBXResourcesBuildPhase section */

/* Begin PBXSourcesBuildPhase section */
		C2C366C91BAFE54C005F61D0 /* Sources */ = {
			isa = PBXSourcesBuildPhase;
			buildActionMask = 2147483647;
			files = (
				C2C366D91BAFE54C005F61D0 /* ViewController.m in Sources */,
				C2C366D61BAFE54C005F61D0 /* AppDelegate.m in Sources */,
				C2C366D31BAFE54C005F61D0 /* main.m in Sources */,
			);
			runOnlyForDeploymentPostprocessing = 0;
		};
		C2C366E21BAFE54C005F61D0 /* Sources */ = {
			isa = PBXSourcesBuildPhase;
			buildActionMask = 2147483647;
			files = (
				C2C366ED1BAFE54C005F61D0 /* githubdemoTests.m in Sources */,
			);
			runOnlyForDeploymentPostprocessing = 0;
		};
/* End PBXSourcesBuildPhase section */

/* Begin PBXTargetDependency section */
		C2C366E81BAFE54C005F61D0 /* PBXTargetDependency */ = {
			isa = PBXTargetDependency;
			target = C2C366CC1BAFE54C005F61D0 /* githubdemo */;
			targetProxy = C2C366E71BAFE54C005F61D0 /* PBXContainerItemProxy */;
		};
/* End PBXTargetDependency section */

/* Begin PBXVariantGroup section */
		C2C366DA1BAFE54C005F61D0 /* Main.storyboard */ = {
			isa = PBXVariantGroup;
			children = (
				C2C366DB1BAFE54C005F61D0 /* Base */,
			);
			name = Main.storyboard;
			sourceTree = "<group>";
		};
		C2C366DF1BAFE54C005F61D0 /* LaunchScreen.xib */ = {
			isa = PBXVariantGroup;
			children = (
				C2C366E01BAFE54C005F61D0 /* Base */,
			);
			name = LaunchScreen.xib;
			sourceTree = "<group>";
		};
/* End PBXVariantGroup section */

/* Begin XCBuildConfiguration section */
		C2C366EE1BAFE54C005F61D0 /* Debug */ = {
			isa = XCBuildConfiguration;
			buildSettings = {
				ALWAYS_SEARCH_USER_PATHS = NO;
				CLANG_CXX_LANGUAGE_STANDARD = "gnu++0x";
				CLANG_CXX_LIBRARY = "libc++";
				CLANG_ENABLE_MODULES = YES;
				CLANG_ENABLE_OBJC_ARC = YES;
				CLANG_WARN_BOOL_CONVERSION = YES;
				CLANG_WARN_CONSTANT_CONVERSION = YES;
				CLANG_WARN_DIRECT_OBJC_ISA_USAGE = YES_ERROR;
				CLANG_WARN_EMPTY_BODY = YES;
				CLANG_WARN_ENUM_CONVERSION = YES;
				CLANG_WARN_INT_CONVERSION = YES;
				CLANG_WARN_OBJC_ROOT_CLASS = YES_ERROR;
				CLANG_WARN_UNREACHABLE_CODE = YES;
				CLANG_WARN__DUPLICATE_METHOD_MATCH = YES;
				"CODE_SIGN_IDENTITY[sdk=iphoneos*]" = "iPhone Developer";
				COPY_PHASE_STRIP = NO;
				DEBUG_INFORMATION_FORMAT = "dwarf-with-dsym";
				ENABLE_STRICT_OBJC_MSGSEND = YES;
				GCC_C_LANGUAGE_STANDARD = gnu99;
				GCC_DYNAMIC_NO_PIC = NO;
				GCC_NO_COMMON_BLOCKS = YES;
				GCC_OPTIMIZATION_LEVEL = 0;
				GCC_PREPROCESSOR_DEFINITIONS = (
					"DEBUG=1",
					"$(inherited)",
				);
				GCC_SYMBOLS_PRIVATE_EXTERN = NO;
				GCC_WARN_64_TO_32_BIT_CONVERSION = YES;
				GCC_WARN_ABOUT_RETURN_TYPE = YES_ERROR;
				GCC_WARN_UNDECLARED_SELECTOR = YES;
				GCC_WARN_UNINITIALIZED_AUTOS = YES_AGGRESSIVE;
				GCC_WARN_UNUSED_FUNCTION = YES;
				GCC_WARN_UNUSED_VARIABLE = YES;
				IPHONEOS_DEPLOYMENT_TARGET = 8.4;
				MTL_ENABLE_DEBUG_INFO = YES;
				ONLY_ACTIVE_ARCH = YES;
				SDKROOT = iphoneos;
			};
			name = Debug;
		};
		C2C366EF1BAFE54C005F61D0 /* Release */ = {
			isa = XCBuildConfiguration;
			buildSettings = {
				ALWAYS_SEARCH_USER_PATHS = NO;
				CLANG_CXX_LANGUAGE_STANDARD = "gnu++0x";
				CLANG_CXX_LIBRARY = "libc++";
				CLANG_ENABLE_MODULES = YES;
				CLANG_ENABLE_OBJC_ARC = YES;
				CLANG_WARN_BOOL_CONVERSION = YES;
				CLANG_WARN_CONSTANT_CONVERSION = YES;
				CLANG_WARN_DIRECT_OBJC_ISA_USAGE = YES_ERROR;
				CLANG_WARN_EMPTY_BODY = YES;
				CLANG_WARN_ENUM_CONVERSION = YES;
				CLANG_WARN_INT_CONVERSION = YES;
				CLANG_WARN_OBJC_ROOT_CLASS = YES_ERROR;
				CLANG_WARN_UNREACHABLE_CODE = YES;
				CLANG_WARN__DUPLICATE_METHOD_MATCH = YES;
				"CODE_SIGN_IDENTITY[sdk=iphoneos*]" = "iPhone Developer";
				COPY_PHASE_STRIP = NO;
				DEBUG_INFORMATION_FORMAT = "dwarf-with-dsym";
				ENABLE_NS_ASSERTIONS = NO;
				ENABLE_STRICT_OBJC_MSGSEND = YES;
				GCC_C_LANGUAGE_STANDARD = gnu99;
				GCC_NO_COMMON_BLOCKS = YES;
				GCC_WARN_64_TO_32_BIT_CONVERSION = YES;
				GCC_WARN_ABOUT_RETURN_TYPE = YES_ERROR;
				GCC_WARN_UNDECLARED_SELECTOR = YES;
				GCC_WARN_UNINITIALIZED_AUTOS = YES_AGGRESSIVE;
				GCC_WARN_UNUSED_FUNCTION = YES;
				GCC_WARN_UNUSED_VARIABLE = YES;
				IPHONEOS_DEPLOYMENT_TARGET = 8.4;
				MTL_ENABLE_DEBUG_INFO = NO;
				SDKROOT = iphoneos;
				VALIDATE_PRODUCT = YES;
			};
			name = Release;
		};
		C2C366F11BAFE54C005F61D0 /* Debug */ = {
			isa = XCBuildConfiguration;
			buildSettings = {
				ASSETCATALOG_COMPILER_APPICON_NAME = AppIcon;
				INFOPLIST_FILE = githubdemo/Info.plist;
				LD_RUNPATH_SEARCH_PATHS = "$(inherited) @executable_path/Frameworks";
				PRODUCT_NAME = "$(TARGET_NAME)";
			};
			name = Debug;
		};
		C2C366F21BAFE54C005F61D0 /* Release */ = {
			isa = XCBuildConfiguration;
			buildSettings = {
				ASSETCATALOG_COMPILER_APPICON_NAME = AppIcon;
				INFOPLIST_FILE = githubdemo/Info.plist;
				LD_RUNPATH_SEARCH_PATHS = "$(inherited) @executable_path/Frameworks";
				PRODUCT_NAME = "$(TARGET_NAME)";
			};
			name = Release;
		};
		C2C366F41BAFE54C005F61D0 /* Debug */ = {
			isa = XCBuildConfiguration;
			buildSettings = {
				BUNDLE_LOADER = "$(TEST_HOST)";
				FRAMEWORK_SEARCH_PATHS = (
					"$(SDKROOT)/Developer/Library/Frameworks",
					"$(inherited)",
				);
				GCC_PREPROCESSOR_DEFINITIONS = (
					"DEBUG=1",
					"$(inherited)",
				);
				INFOPLIST_FILE = githubdemoTests/Info.plist;
				LD_RUNPATH_SEARCH_PATHS = "$(inherited) @executable_path/Frameworks @loader_path/Frameworks";
				PRODUCT_NAME = "$(TARGET_NAME)";
				TEST_HOST = "$(BUILT_PRODUCTS_DIR)/githubdemo.app/githubdemo";
			};
			name = Debug;
		};
		C2C366F51BAFE54C005F61D0 /* Release */ = {
			isa = XCBuildConfiguration;
			buildSettings = {
				BUNDLE_LOADER = "$(TEST_HOST)";
				FRAMEWORK_SEARCH_PATHS = (
					"$(SDKROOT)/Developer/Library/Frameworks",
					"$(inherited)",
				);
				INFOPLIST_FILE = githubdemoTests/Info.plist;
				LD_RUNPATH_SEARCH_PATHS = "$(inherited) @executable_path/Frameworks @loader_path/Frameworks";
				PRODUCT_NAME = "$(TARGET_NAME)";
				TEST_HOST = "$(BUILT_PRODUCTS_DIR)/githubdemo.app/githubdemo";
			};
			name = Release;
		};
/* End XCBuildConfiguration section */

/* Begin XCConfigurationList section */
		C2C366C81BAFE54C005F61D0 /* Build configuration list for PBXProject "githubdemo" */ = {
			isa = XCConfigurationList;
			buildConfigurations = (
				C2C366EE1BAFE54C005F61D0 /* Debug */,
				C2C366EF1BAFE54C005F61D0 /* Release */,
			);
			defaultConfigurationIsVisible = 0;
			defaultConfigurationName = Release;
		};
		C2C366F01BAFE54C005F61D0 /* Build configuration list for PBXNativeTarget "githubdemo" */ = {
			isa = XCConfigurationList;
			buildConfigurations = (
				C2C366F11BAFE54C005F61D0 /* Debug */,
				C2C366F21BAFE54C005F61D0 /* Release */,
			);
			defaultConfigurationIsVisible = 0;
		};
		C2C366F31BAFE54C005F61D0 /* Build configuration list for PBXNativeTarget "githubdemoTests" */ = {
			isa = XCConfigurationList;
			buildConfigurations = (
				C2C366F41BAFE54C005F61D0 /* Debug */,
				C2C366F51BAFE54C005F61D0 /* Release */,
			);
			defaultConfigurationIsVisible = 0;
		};
/* End XCConfigurationList section */
	};
	rootObject = C2C366C51BAFE54C005F61D0 /* Project object */;
}
